{
  "requires": true,
  "lockfileVersion": 1,
  "dependencies": {
    "svelte": {
      "version": "3.8.1",
      "resolved": "https://registry.npmjs.org/svelte/-/svelte-3.8.1.tgz",
      "integrity": "sha512-D9Xm4UTES99RfExLbHRLjyXC0Ns22WmwekF3s7MZKlvTxKjBM9UVabYvwg6gAlpa2qSI0TDkJbTMJE68MuFD3w==",
      "dev": true
    }
  }
}
